// !$*UTF8*$!
{
	archiveVersion = 1;
	classes = {
	};
	objectVersion = 48;
	objects = {

/* Begin PBXBuildFile section */
		135D8EE81F53E70200239487 /* CurrencyTextField.swift in Sources */ = {isa = PBXBuildFile; fileRef = 135D8EE71F53E70200239487 /* CurrencyTextField.swift */; };
		139D9AB91F53E4BF00C86B29 /* AppDelegate.swift in Sources */ = {isa = PBXBuildFile; fileRef = 139D9AB81F53E4BF00C86B29 /* AppDelegate.swift */; };
		139D9ABB1F53E4BF00C86B29 /* MainVC.swift in Sources */ = {isa = PBXBuildFile; fileRef = 139D9ABA1F53E4BF00C86B29 /* MainVC.swift */; };
		139D9ABE1F53E4BF00C86B29 /* Main.storyboard in Resources */ = {isa = PBXBuildFile; fileRef = 139D9ABC1F53E4BF00C86B29 /* Main.storyboard */; };
		139D9AC01F53E4BF00C86B29 /* Assets.xcassets in Resources */ = {isa = PBXBuildFile; fileRef = 139D9ABF1F53E4BF00C86B29 /* Assets.xcassets */; };
		139D9AC31F53E4BF00C86B29 /* LaunchScreen.storyboard in Resources */ = {isa = PBXBuildFile; fileRef = 139D9AC11F53E4BF00C86B29 /* LaunchScreen.storyboard */; };
		13AD7C511F54D5F900E19688 /* Window_ShopperTests.swift in Sources */ = {isa = PBXBuildFile; fileRef = 13AD7C501F54D5F900E19688 /* Window_ShopperTests.swift */; };
		13AD7C5A1F54D64400E19688 /* Wage.swift in Sources */ = {isa = PBXBuildFile; fileRef = 13AD7C591F54D64400E19688 /* Wage.swift */; };
		13AD7C5B1F55311A00E19688 /* Wage.swift in Sources */ = {isa = PBXBuildFile; fileRef = 13AD7C591F54D64400E19688 /* Wage.swift */; };
		33ACB0F2202424AB073F8F57 /* Pods_Window_Shopper.framework in Frameworks */ = {isa = PBXBuildFile; fileRef = 2F5C3C752CF02108E16AD78E /* Pods_Window_Shopper.framework */; };
		B394344E0574A4E7713A5C65 /* Pods_Window_ShopperTests.framework in Frameworks */ = {isa = PBXBuildFile; fileRef = 57A1559C746ADFDE0BC04D27 /* Pods_Window_ShopperTests.framework */; };
/* End PBXBuildFile section */

/* Begin PBXContainerItemProxy section */
		13AD7C531F54D5F900E19688 /* PBXContainerItemProxy */ = {
			isa = PBXContainerItemProxy;
			containerPortal = 139D9AAD1F53E4BF00C86B29 /* Project object */;
			proxyType = 1;
			remoteGlobalIDString = 139D9AB41F53E4BF00C86B29;
			remoteInfo = "Window Shopper";
		};
/* End PBXContainerItemProxy section */

/* Begin PBXFileReference section */
		135D8EE71F53E70200239487 /* CurrencyTextField.swift */ = {isa = PBXFileReference; lastKnownFileType = sourcecode.swift; path = CurrencyTextField.swift; sourceTree = "<group>"; };
		139D9AB51F53E4BF00C86B29 /* Window Shopper.app */ = {isa = PBXFileReference; explicitFileType = wrapper.application; includeInIndex = 0; path = "Window Shopper.app"; sourceTree = BUILT_PRODUCTS_DIR; };
		139D9AB81F53E4BF00C86B29 /* AppDelegate.swift */ = {isa = PBXFileReference; lastKnownFileType = sourcecode.swift; path = AppDelegate.swift; sourceTree = "<group>"; };
		139D9ABA1F53E4BF00C86B29 /* MainVC.swift */ = {isa = PBXFileReference; lastKnownFileType = sourcecode.swift; path = MainVC.swift; sourceTree = "<group>"; };
		139D9ABD1F53E4BF00C86B29 /* Base */ = {isa = PBXFileReference; lastKnownFileType = file.storyboard; name = Base; path = Base.lproj/Main.storyboard; sourceTree = "<group>"; };
		139D9ABF1F53E4BF00C86B29 /* Assets.xcassets */ = {isa = PBXFileReference; lastKnownFileType = folder.assetcatalog; path = Assets.xcassets; sourceTree = "<group>"; };
		139D9AC21F53E4BF00C86B29 /* Base */ = {isa = PBXFileReference; lastKnownFileType = file.storyboard; name = Base; path = Base.lproj/LaunchScreen.storyboard; sourceTree = "<group>"; };
		139D9AC41F53E4BF00C86B29 /* Info.plist */ = {isa = PBXFileReference; lastKnownFileType = text.plist.xml; path = Info.plist; sourceTree = "<group>"; };
		13AD7C4E1F54D5F900E19688 /* Window ShopperTests.xctest */ = {isa = PBXFileReference; explicitFileType = wrapper.cfbundle; includeInIndex = 0; path = "Window ShopperTests.xctest"; sourceTree = BUILT_PRODUCTS_DIR; };
		13AD7C501F54D5F900E19688 /* Window_ShopperTests.swift */ = {isa = PBXFileReference; lastKnownFileType = sourcecode.swift; path = Window_ShopperTests.swift; sourceTree = "<group>"; };
		13AD7C521F54D5F900E19688 /* Info.plist */ = {isa = PBXFileReference; lastKnownFileType = text.plist.xml; path = Info.plist; sourceTree = "<group>"; };
		13AD7C591F54D64400E19688 /* Wage.swift */ = {isa = PBXFileReference; lastKnownFileType = sourcecode.swift; path = Wage.swift; sourceTree = "<group>"; };
		2F5C3C752CF02108E16AD78E /* Pods_Window_Shopper.framework */ = {isa = PBXFileReference; explicitFileType = wrapper.framework; includeInIndex = 0; path = Pods_Window_Shopper.framework; sourceTree = BUILT_PRODUCTS_DIR; };
		57A1559C746ADFDE0BC04D27 /* Pods_Window_ShopperTests.framework */ = {isa = PBXFileReference; explicitFileType = wrapper.framework; includeInIndex = 0; path = Pods_Window_ShopperTests.framework; sourceTree = BUILT_PRODUCTS_DIR; };
		7A3D7BE4744559ABDBD29DE5 /* Pods-Window Shopper.release.xcconfig */ = {isa = PBXFileReference; includeInIndex = 1; lastKnownFileType = text.xcconfig; name = "Pods-Window Shopper.release.xcconfig"; path = "Pods/Target Support Files/Pods-Window Shopper/Pods-Window Shopper.release.xcconfig"; sourceTree = "<group>"; };
		8A626B6DED06A868D1C9BAC4 /* Pods-Window ShopperTests.debug.xcconfig */ = {isa = PBXFileReference; includeInIndex = 1; lastKnownFileType = text.xcconfig; name = "Pods-Window ShopperTests.debug.xcconfig"; path = "Pods/Target Support Files/Pods-Window ShopperTests/Pods-Window ShopperTests.debug.xcconfig"; sourceTree = "<group>"; };
		D523B35F982F5E9CA99978F7 /* Pods-Window ShopperTests.release.xcconfig */ = {isa = PBXFileReference; includeInIndex = 1; lastKnownFileType = text.xcconfig; name = "Pods-Window ShopperTests.release.xcconfig"; path = "Pods/Target Support Files/Pods-Window ShopperTests/Pods-Window ShopperTests.release.xcconfig"; sourceTree = "<group>"; };
		DC2198F002B919E0CD117FB6 /* Pods-Window Shopper.debug.xcconfig */ = {isa = PBXFileReference; includeInIndex = 1; lastKnownFileType = text.xcconfig; name = "Pods-Window Shopper.debug.xcconfig"; path = "Pods/Target Support Files/Pods-Window Shopper/Pods-Window Shopper.debug.xcconfig"; sourceTree = "<group>"; };
/* End PBXFileReference section */

/* Begin PBXFrameworksBuildPhase section */
		139D9AB21F53E4BF00C86B29 /* Frameworks */ = {
			isa = PBXFrameworksBuildPhase;
			buildActionMask = 2147483647;
			files = (
				33ACB0F2202424AB073F8F57 /* Pods_Window_Shopper.framework in Frameworks */,
			);
			runOnlyForDeploymentPostprocessing = 0;
		};
		13AD7C4B1F54D5F900E19688 /* Frameworks */ = {
			isa = PBXFrameworksBuildPhase;
			buildActionMask = 2147483647;
			files = (
				B394344E0574A4E7713A5C65 /* Pods_Window_ShopperTests.framework in Frameworks */,
			);
			runOnlyForDeploymentPostprocessing = 0;
		};
/* End PBXFrameworksBuildPhase section */

/* Begin PBXGroup section */
		00B8F84E4BBEA1EF07A73B8A /* Pods */ = {
			isa = PBXGroup;
			children = (
				DC2198F002B919E0CD117FB6 /* Pods-Window Shopper.debug.xcconfig */,
				7A3D7BE4744559ABDBD29DE5 /* Pods-Window Shopper.release.xcconfig */,
				8A626B6DED06A868D1C9BAC4 /* Pods-Window ShopperTests.debug.xcconfig */,
				D523B35F982F5E9CA99978F7 /* Pods-Window ShopperTests.release.xcconfig */,
			);
			name = Pods;
			sourceTree = "<group>";
		};
		135D8EE61F53E6BE00239487 /* Views */ = {
			isa = PBXGroup;
			children = (
				135D8EE71F53E70200239487 /* CurrencyTextField.swift */,
			);
			path = Views;
			sourceTree = "<group>";
		};
		139D9AAC1F53E4BF00C86B29 = {
			isa = PBXGroup;
			children = (
				139D9AB71F53E4BF00C86B29 /* Window Shopper */,
				13AD7C4F1F54D5F900E19688 /* Window ShopperTests */,
				139D9AB61F53E4BF00C86B29 /* Products */,
				00B8F84E4BBEA1EF07A73B8A /* Pods */,
				217BB1D73144B93A1E522554 /* Frameworks */,
			);
			sourceTree = "<group>";
		};
		139D9AB61F53E4BF00C86B29 /* Products */ = {
			isa = PBXGroup;
			children = (
				139D9AB51F53E4BF00C86B29 /* Window Shopper.app */,
				13AD7C4E1F54D5F900E19688 /* Window ShopperTests.xctest */,
			);
			name = Products;
			sourceTree = "<group>";
		};
		139D9AB71F53E4BF00C86B29 /* Window Shopper */ = {
			isa = PBXGroup;
			children = (
				13AD7C581F54D60900E19688 /* Model */,
				135D8EE61F53E6BE00239487 /* Views */,
				139D9ACA1F53E52700C86B29 /* Controller */,
				139D9AB81F53E4BF00C86B29 /* AppDelegate.swift */,
				139D9ABC1F53E4BF00C86B29 /* Main.storyboard */,
				139D9ABF1F53E4BF00C86B29 /* Assets.xcassets */,
				139D9AC11F53E4BF00C86B29 /* LaunchScreen.storyboard */,
				139D9AC41F53E4BF00C86B29 /* Info.plist */,
			);
			path = "Window Shopper";
			sourceTree = "<group>";
		};
		139D9ACA1F53E52700C86B29 /* Controller */ = {
			isa = PBXGroup;
			children = (
				139D9ABA1F53E4BF00C86B29 /* MainVC.swift */,
			);
			path = Controller;
			sourceTree = "<group>";
		};
		13AD7C4F1F54D5F900E19688 /* Window ShopperTests */ = {
			isa = PBXGroup;
			children = (
				13AD7C501F54D5F900E19688 /* Window_ShopperTests.swift */,
				13AD7C521F54D5F900E19688 /* Info.plist */,
			);
			path = "Window ShopperTests";
			sourceTree = "<group>";
		};
		13AD7C581F54D60900E19688 /* Model */ = {
			isa = PBXGroup;
			children = (
				13AD7C591F54D64400E19688 /* Wage.swift */,
			);
			path = Model;
			sourceTree = "<group>";
		};
		217BB1D73144B93A1E522554 /* Frameworks */ = {
			isa = PBXGroup;
			children = (
				2F5C3C752CF02108E16AD78E /* Pods_Window_Shopper.framework */,
				57A1559C746ADFDE0BC04D27 /* Pods_Window_ShopperTests.framework */,
			);
			name = Frameworks;
			sourceTree = "<group>";
		};
/* End PBXGroup section */

/* Begin PBXNativeTarget section */
		139D9AB41F53E4BF00C86B29 /* Window Shopper */ = {
			isa = PBXNativeTarget;
			buildConfigurationList = 139D9AC71F53E4BF00C86B29 /* Build configuration list for PBXNativeTarget "Window Shopper" */;
			buildPhases = (
				8CCF38B17209457191387B24 /* [CP] Check Pods Manifest.lock */,
				139D9AB11F53E4BF00C86B29 /* Sources */,
				139D9AB21F53E4BF00C86B29 /* Frameworks */,
				139D9AB31F53E4BF00C86B29 /* Resources */,
				FDD656E40E5BDE6DCFF5474C /* [CP] Embed Pods Frameworks */,
				645559C26ED7FCF82AF95875 /* [CP] Copy Pods Resources */,
				13DE4CFE1F84039B008433BB /* ShellScript */,
			);
			buildRules = (
			);
			dependencies = (
			);
			name = "Window Shopper";
			productName = "Window Shopper";
			productReference = 139D9AB51F53E4BF00C86B29 /* Window Shopper.app */;
			productType = "com.apple.product-type.application";
		};
		13AD7C4D1F54D5F900E19688 /* Window ShopperTests */ = {
			isa = PBXNativeTarget;
			buildConfigurationList = 13AD7C571F54D5F900E19688 /* Build configuration list for PBXNativeTarget "Window ShopperTests" */;
			buildPhases = (
				383D18CBC041D7AF6F85070E /* [CP] Check Pods Manifest.lock */,
				13AD7C4A1F54D5F900E19688 /* Sources */,
				13AD7C4B1F54D5F900E19688 /* Frameworks */,
				13AD7C4C1F54D5F900E19688 /* Resources */,
				8096FC15C8621BAD0A5B3F9B /* [CP] Embed Pods Frameworks */,
				C7E7C848803DBC8D014565BF /* [CP] Copy Pods Resources */,
			);
			buildRules = (
			);
			dependencies = (
				13AD7C541F54D5F900E19688 /* PBXTargetDependency */,
			);
			name = "Window ShopperTests";
			productName = "Window ShopperTests";
			productReference = 13AD7C4E1F54D5F900E19688 /* Window ShopperTests.xctest */;
			productType = "com.apple.product-type.bundle.unit-test";
		};
/* End PBXNativeTarget section */

/* Begin PBXProject section */
		139D9AAD1F53E4BF00C86B29 /* Project object */ = {
			isa = PBXProject;
			attributes = {
				LastSwiftUpdateCheck = 0900;
				LastUpgradeCheck = 0900;
				ORGANIZATIONNAME = self;
				TargetAttributes = {
					139D9AB41F53E4BF00C86B29 = {
						CreatedOnToolsVersion = 9.0;
						ProvisioningStyle = Automatic;
					};
					13AD7C4D1F54D5F900E19688 = {
						CreatedOnToolsVersion = 9.0;
						ProvisioningStyle = Automatic;
						TestTargetID = 139D9AB41F53E4BF00C86B29;
					};
				};
			};
			buildConfigurationList = 139D9AB01F53E4BF00C86B29 /* Build configuration list for PBXProject "Window Shopper" */;
			compatibilityVersion = "Xcode 8.0";
			developmentRegion = en;
			hasScannedForEncodings = 0;
			knownRegions = (
				en,
				Base,
			);
			mainGroup = 139D9AAC1F53E4BF00C86B29;
			productRefGroup = 139D9AB61F53E4BF00C86B29 /* Products */;
			projectDirPath = "";
			projectRoot = "";
			targets = (
				139D9AB41F53E4BF00C86B29 /* Window Shopper */,
				13AD7C4D1F54D5F900E19688 /* Window ShopperTests */,
			);
		};
/* End PBXProject section */

/* Begin PBXResourcesBuildPhase section */
		139D9AB31F53E4BF00C86B29 /* Resources */ = {
			isa = PBXResourcesBuildPhase;
			buildActionMask = 2147483647;
			files = (
				139D9AC31F53E4BF00C86B29 /* LaunchScreen.storyboard in Resources */,
				139D9AC01F53E4BF00C86B29 /* Assets.xcassets in Resources */,
				139D9ABE1F53E4BF00C86B29 /* Main.storyboard in Resources */,
			);
			runOnlyForDeploymentPostprocessing = 0;
		};
		13AD7C4C1F54D5F900E19688 /* Resources */ = {
			isa = PBXResourcesBuildPhase;
			buildActionMask = 2147483647;
			files = (
			);
			runOnlyForDeploymentPostprocessing = 0;
		};
/* End PBXResourcesBuildPhase section */

/* Begin PBXShellScriptBuildPhase section */
		13DE4CFE1F84039B008433BB /* ShellScript */ = {
			isa = PBXShellScriptBuildPhase;
			buildActionMask = 2147483647;
			files = (
			);
			inputPaths = (
			);
			outputPaths = (
			);
			runOnlyForDeploymentPostprocessing = 0;
			shellPath = /bin/sh;
			shellScript = "\"${PODS_ROOT}/Fabric/run\" 4ecca0d78732c8c69a969d8ef751761ea662b0b6 597212172a2cc9fb234de231adf9216abeef369b3641d81c26a6001b6d450680\n";
		};
		383D18CBC041D7AF6F85070E /* [CP] Check Pods Manifest.lock */ = {
			isa = PBXShellScriptBuildPhase;
			buildActionMask = 2147483647;
			files = (
			);
			inputPaths = (
				"${PODS_PODFILE_DIR_PATH}/Podfile.lock",
				"${PODS_ROOT}/Manifest.lock",
			);
			name = "[CP] Check Pods Manifest.lock";
			outputPaths = (
				"$(DERIVED_FILE_DIR)/Pods-Window ShopperTests-checkManifestLockResult.txt",
			);
			runOnlyForDeploymentPostprocessing = 0;
			shellPath = /bin/sh;
			shellScript = "diff \"${PODS_PODFILE_DIR_PATH}/Podfile.lock\" \"${PODS_ROOT}/Manifest.lock\" > /dev/null\nif [ $? != 0 ] ; then\n    # print error to STDERR\n    echo \"error: The sandbox is not in sync with the Podfile.lock. Run 'pod install' or update your CocoaPods installation.\" >&2\n    exit 1\nfi\n# This output is used by Xcode 'outputs' to avoid re-running this script phase.\necho \"SUCCESS\" > \"${SCRIPT_OUTPUT_FILE_0}\"\n";
			showEnvVarsInLog = 0;
		};
		645559C26ED7FCF82AF95875 /* [CP] Copy Pods Resources */ = {
			isa = PBXShellScriptBuildPhase;
			buildActionMask = 2147483647;
			files = (
			);
			inputPaths = (
			);
			name = "[CP] Copy Pods Resources";
			outputPaths = (
			);
			runOnlyForDeploymentPostprocessing = 0;
			shellPath = /bin/sh;
			shellScript = "\"${SRCROOT}/Pods/Target Support Files/Pods-Window Shopper/Pods-Window Shopper-resources.sh\"\n";
			showEnvVarsInLog = 0;
		};
		8096FC15C8621BAD0A5B3F9B /* [CP] Embed Pods Frameworks */ = {
			isa = PBXShellScriptBuildPhase;
			buildActionMask = 2147483647;
			files = (
			);
			inputPaths = (
			);
			name = "[CP] Embed Pods Frameworks";
			outputPaths = (
			);
			runOnlyForDeploymentPostprocessing = 0;
			shellPath = /bin/sh;
			shellScript = "\"${SRCROOT}/Pods/Target Support Files/Pods-Window ShopperTests/Pods-Window ShopperTests-frameworks.sh\"\n";
			showEnvVarsInLog = 0;
		};
		8CCF38B17209457191387B24 /* [CP] Check Pods Manifest.lock */ = {
			isa = PBXShellScriptBuildPhase;
			buildActionMask = 2147483647;
			files = (
			);
			inputPaths = (
				"${PODS_PODFILE_DIR_PATH}/Podfile.lock",
				"${PODS_ROOT}/Manifest.lock",
			);
			name = "[CP] Check Pods Manifest.lock";
			outputPaths = (
				"$(DERIVED_FILE_DIR)/Pods-Window Shopper-checkManifestLockResult.txt",
			);
			runOnlyForDeploymentPostprocessing = 0;
			shellPath = /bin/sh;
			shellScript = "diff \"${PODS_PODFILE_DIR_PATH}/Podfile.lock\" \"${PODS_ROOT}/Manifest.lock\" > /dev/null\nif [ $? != 0 ] ; then\n    # print error to STDERR\n    echo \"error: The sandbox is not in sync with the Podfile.lock. Run 'pod install' or update your CocoaPods installation.\" >&2\n    exit 1\nfi\n# This output is used by Xcode 'outputs' to avoid re-running this script phase.\necho \"SUCCESS\" > \"${SCRIPT_OUTPUT_FILE_0}\"\n";
			showEnvVarsInLog = 0;
		};
		C7E7C848803DBC8D014565BF /* [CP] Copy Pods Resources */ = {
			isa = PBXShellScriptBuildPhase;
			buildActionMask = 2147483647;
			files = (
			);
			inputPaths = (
			);
			name = "[CP] Copy Pods Resources";
			outputPaths = (
			);
			runOnlyForDeploymentPostprocessing = 0;
			shellPath = /bin/sh;
			shellScript = "\"${SRCROOT}/Pods/Target Support Files/Pods-Window ShopperTests/Pods-Window ShopperTests-resources.sh\"\n";
			showEnvVarsInLog = 0;
		};
		FDD656E40E5BDE6DCFF5474C /* [CP] Embed Pods Frameworks */ = {
			isa = PBXShellScriptBuildPhase;
			buildActionMask = 2147483647;
			files = (
			);
			inputPaths = (
			);
			name = "[CP] Embed Pods Frameworks";
			outputPaths = (
			);
			runOnlyForDeploymentPostprocessing = 0;
			shellPath = /bin/sh;
			shellScript = "\"${SRCROOT}/Pods/Target Support Files/Pods-Window Shopper/Pods-Window Shopper-frameworks.sh\"\n";
			showEnvVarsInLog = 0;
		};
/* End PBXShellScriptBuildPhase section */

/* Begin PBXSourcesBuildPhase section */
		139D9AB11F53E4BF00C86B29 /* Sources */ = {
			isa = PBXSourcesBuildPhase;
			buildActionMask = 2147483647;
			files = (
				135D8EE81F53E70200239487 /* CurrencyTextField.swift in Sources */,
				13AD7C5A1F54D64400E19688 /* Wage.swift in Sources */,
				139D9ABB1F53E4BF00C86B29 /* MainVC.swift in Sources */,
				139D9AB91F53E4BF00C86B29 /* AppDelegate.swift in Sources */,
			);
			runOnlyForDeploymentPostprocessing = 0;
		};
		13AD7C4A1F54D5F900E19688 /* Sources */ = {
			isa = PBXSourcesBuildPhase;
			buildActionMask = 2147483647;
			files = (
				13AD7C511F54D5F900E19688 /* Window_ShopperTests.swift in Sources */,
				13AD7C5B1F55311A00E19688 /* Wage.swift in Sources */,
			);
			runOnlyForDeploymentPostprocessing = 0;
		};
/* End PBXSourcesBuildPhase section */

/* Begin PBXTargetDependency section */
		13AD7C541F54D5F900E19688 /* PBXTargetDependency */ = {
			isa = PBXTargetDependency;
			target = 139D9AB41F53E4BF00C86B29 /* Window Shopper */;
			targetProxy = 13AD7C531F54D5F900E19688 /* PBXContainerItemProxy */;
		};
/* End PBXTargetDependency section */

/* Begin PBXVariantGroup section */
		139D9ABC1F53E4BF00C86B29 /* Main.storyboard */ = {
			isa = PBXVariantGroup;
			children = (
				139D9ABD1F53E4BF00C86B29 /* Base */,
			);
			name = Main.storyboard;
			sourceTree = "<group>";
		};
		139D9AC11F53E4BF00C86B29 /* LaunchScreen.storyboard */ = {
			isa = PBXVariantGroup;
			children = (
				139D9AC21F53E4BF00C86B29 /* Base */,
			);
			name = LaunchScreen.storyboard;
			sourceTree = "<group>";
		};
/* End PBXVariantGroup section */

/* Begin XCBuildConfiguration section */
		139D9AC51F53E4BF00C86B29 /* Debug */ = {
			isa = XCBuildConfiguration;
			buildSettings = {
				ALWAYS_SEARCH_USER_PATHS = NO;
				CLANG_ANALYZER_NONNULL = YES;
				CLANG_ANALYZER_NUMBER_OBJECT_CONVERSION = YES_AGGRESSIVE;
				CLANG_CXX_LANGUAGE_STANDARD = "gnu++14";
				CLANG_CXX_LIBRARY = "libc++";
				CLANG_ENABLE_MODULES = YES;
				CLANG_ENABLE_OBJC_ARC = YES;
				CLANG_WARN_BLOCK_CAPTURE_AUTORELEASING = YES;
				CLANG_WARN_BOOL_CONVERSION = YES;
				CLANG_WARN_COMMA = YES;
				CLANG_WARN_CONSTANT_CONVERSION = YES;
				CLANG_WARN_DIRECT_OBJC_ISA_USAGE = YES_ERROR;
				CLANG_WARN_DOCUMENTATION_COMMENTS = YES;
				CLANG_WARN_EMPTY_BODY = YES;
				CLANG_WARN_ENUM_CONVERSION = YES;
				CLANG_WARN_INFINITE_RECURSION = YES;
				CLANG_WARN_INT_CONVERSION = YES;
				CLANG_WARN_NON_LITERAL_NULL_CONVERSION = YES;
				CLANG_WARN_OBJC_LITERAL_CONVERSION = YES;
				CLANG_WARN_OBJC_ROOT_CLASS = YES_ERROR;
				CLANG_WARN_RANGE_LOOP_ANALYSIS = YES;
				CLANG_WARN_STRICT_PROTOTYPES = YES;
				CLANG_WARN_SUSPICIOUS_MOVE = YES;
				CLANG_WARN_UNGUARDED_AVAILABILITY = YES_AGGRESSIVE;
				CLANG_WARN_UNREACHABLE_CODE = YES;
				CLANG_WARN__DUPLICATE_METHOD_MATCH = YES;
				CODE_SIGN_IDENTITY = "iPhone Developer";
				COPY_PHASE_STRIP = NO;
				DEBUG_INFORMATION_FORMAT = dwarf;
				ENABLE_STRICT_OBJC_MSGSEND = YES;
				ENABLE_TESTABILITY = YES;
				GCC_C_LANGUAGE_STANDARD = gnu11;
				GCC_DYNAMIC_NO_PIC = NO;
				GCC_NO_COMMON_BLOCKS = YES;
				GCC_OPTIMIZATION_LEVEL = 0;
				GCC_PREPROCESSOR_DEFINITIONS = (
					"DEBUG=1",
					"$(inherited)",
				);
				GCC_WARN_64_TO_32_BIT_CONVERSION = YES;
				GCC_WARN_ABOUT_RETURN_TYPE = YES_ERROR;
				GCC_WARN_UNDECLARED_SELECTOR = YES;
				GCC_WARN_UNINITIALIZED_AUTOS = YES_AGGRESSIVE;
				GCC_WARN_UNUSED_FUNCTION = YES;
				GCC_WARN_UNUSED_VARIABLE = YES;
				IPHONEOS_DEPLOYMENT_TARGET = 11.0;
				MTL_ENABLE_DEBUG_INFO = YES;
				ONLY_ACTIVE_ARCH = YES;
				SDKROOT = iphoneos;
				SWIFT_ACTIVE_COMPILATION_CONDITIONS = DEBUG;
				SWIFT_OPTIMIZATION_LEVEL = "-Onone";
			};
			name = Debug;
		};
		139D9AC61F53E4BF00C86B29 /* Release */ = {
			isa = XCBuildConfiguration;
			buildSettings = {
				ALWAYS_SEARCH_USER_PATHS = NO;
				CLANG_ANALYZER_NONNULL = YES;
				CLANG_ANALYZER_NUMBER_OBJECT_CONVERSION = YES_AGGRESSIVE;
				CLANG_CXX_LANGUAGE_STANDARD = "gnu++14";
				CLANG_CXX_LIBRARY = "libc++";
				CLANG_ENABLE_MODULES = YES;
				CLANG_ENABLE_OBJC_ARC = YES;
				CLANG_WARN_BLOCK_CAPTURE_AUTORELEASING = YES;
				CLANG_WARN_BOOL_CONVERSION = YES;
				CLANG_WARN_COMMA = YES;
				CLANG_WARN_CONSTANT_CONVERSION = YES;
				CLANG_WARN_DIRECT_OBJC_ISA_USAGE = YES_ERROR;
				CLANG_WARN_DOCUMENTATION_COMMENTS = YES;
				CLANG_WARN_EMPTY_BODY = YES;
				CLANG_WARN_ENUM_CONVERSION = YES;
				CLANG_WARN_INFINITE_RECURSION = YES;
				CLANG_WARN_INT_CONVERSION = YES;
				CLANG_WARN_NON_LITERAL_NULL_CONVERSION = YES;
				CLANG_WARN_OBJC_LITERAL_CONVERSION = YES;
				CLANG_WARN_OBJC_ROOT_CLASS = YES_ERROR;
				CLANG_WARN_RANGE_LOOP_ANALYSIS = YES;
				CLANG_WARN_STRICT_PROTOTYPES = YES;
				CLANG_WARN_SUSPICIOUS_MOVE = YES;
				CLANG_WARN_UNGUARDED_AVAILABILITY = YES_AGGRESSIVE;
				CLANG_WARN_UNREACHABLE_CODE = YES;
				CLANG_WARN__DUPLICATE_METHOD_MATCH = YES;
				CODE_SIGN_IDENTITY = "iPhone Developer";
				COPY_PHASE_STRIP = NO;
				DEBUG_INFORMATION_FORMAT = "dwarf-with-dsym";
				ENABLE_NS_ASSERTIONS = NO;
				ENABLE_STRICT_OBJC_MSGSEND = YES;
				GCC_C_LANGUAGE_STANDARD = gnu11;
				GCC_NO_COMMON_BLOCKS = YES;
				GCC_WARN_64_TO_32_BIT_CONVERSION = YES;
				GCC_WARN_ABOUT_RETURN_TYPE = YES_ERROR;
				GCC_WARN_UNDECLARED_SELECTOR = YES;
				GCC_WARN_UNINITIALIZED_AUTOS = YES_AGGRESSIVE;
				GCC_WARN_UNUSED_FUNCTION = YES;
				GCC_WARN_UNUSED_VARIABLE = YES;
				IPHONEOS_DEPLOYMENT_TARGET = 11.0;
				MTL_ENABLE_DEBUG_INFO = NO;
				SDKROOT = iphoneos;
				SWIFT_OPTIMIZATION_LEVEL = "-Owholemodule";
				VALIDATE_PRODUCT = YES;
			};
			name = Release;
		};
		139D9AC81F53E4BF00C86B29 /* Debug */ = {
			isa = XCBuildConfiguration;
			baseConfigurationReference = DC2198F002B919E0CD117FB6 /* Pods-Window Shopper.debug.xcconfig */;
			buildSettings = {
				ASSETCATALOG_COMPILER_APPICON_NAME = AppIcon;
				CODE_SIGN_STYLE = Automatic;
				DEVELOPMENT_TEAM = RY4LKVN272;
				INFOPLIST_FILE = "Window Shopper/Info.plist";
				LD_RUNPATH_SEARCH_PATHS = "$(inherited) @executable_path/Frameworks";
				PRODUCT_BUNDLE_IDENTIFIER = "self.Window-Shopper";
				PRODUCT_NAME = "$(TARGET_NAME)";
				SWIFT_VERSION = 4.0;
				TARGETED_DEVICE_FAMILY = "1,2";
			};
			name = Debug;
		};
		139D9AC91F53E4BF00C86B29 /* Release */ = {
			isa = XCBuildConfiguration;
			baseConfigurationReference = 7A3D7BE4744559ABDBD29DE5 /* Pods-Window Shopper.release.xcconfig */;
			buildSettings = {
				ASSETCATALOG_COMPILER_APPICON_NAME = AppIcon;
				CODE_SIGN_STYLE = Automatic;
				DEVELOPMENT_TEAM = RY4LKVN272;
				INFOPLIST_FILE = "Window Shopper/Info.plist";
				LD_RUNPATH_SEARCH_PATHS = "$(inherited) @executable_path/Frameworks";
				PRODUCT_BUNDLE_IDENTIFIER = "self.Window-Shopper";
				PRODUCT_NAME = "$(TARGET_NAME)";
				SWIFT_VERSION = 4.0;
				TARGETED_DEVICE_FAMILY = "1,2";
			};
			name = Release;
		};
		13AD7C551F54D5F900E19688 /* Debug */ = {
			isa = XCBuildConfiguration;
			baseConfigurationReference = 8A626B6DED06A868D1C9BAC4 /* Pods-Window ShopperTests.debug.xcconfig */;
			buildSettings = {
				BUNDLE_LOADER = "$(TEST_HOST)";
				CODE_SIGN_STYLE = Automatic;
				DEVELOPMENT_TEAM = RY4LKVN272;
				INFOPLIST_FILE = "Window ShopperTests/Info.plist";
				LD_RUNPATH_SEARCH_PATHS = "$(inherited) @executable_path/Frameworks @loader_path/Frameworks";
				PRODUCT_BUNDLE_IDENTIFIER = "self.Window-ShopperTests";
				PRODUCT_NAME = "$(TARGET_NAME)";
				SWIFT_VERSION = 4.0;
				TARGETED_DEVICE_FAMILY = "1,2";
				TEST_HOST = "$(BUILT_PRODUCTS_DIR)/Window Shopper.app/Window Shopper";
			};
			name = Debug;
		};
		13AD7C561F54D5F900E19688 /* Release */ = {
			isa = XCBuildConfiguration;
			baseConfigurationReference = D523B35F982F5E9CA99978F7 /* Pods-Window ShopperTests.release.xcconfig */;
			buildSettings = {
				BUNDLE_LOADER = "$(TEST_HOST)";
				CODE_SIGN_STYLE = Automatic;
				DEVELOPMENT_TEAM = RY4LKVN272;
				INFOPLIST_FILE = "Window ShopperTests/Info.plist";
				LD_RUNPATH_SEARCH_PATHS = "$(inherited) @executable_path/Frameworks @loader_path/Frameworks";
				PRODUCT_BUNDLE_IDENTIFIER = "self.Window-ShopperTests";
				PRODUCT_NAME = "$(TARGET_NAME)";
				SWIFT_VERSION = 4.0;
				TARGETED_DEVICE_FAMILY = "1,2";
				TEST_HOST = "$(BUILT_PRODUCTS_DIR)/Window Shopper.app/Window Shopper";
			};
			name = Release;
		};
/* End XCBuildConfiguration section */

/* Begin XCConfigurationList section */
		139D9AB01F53E4BF00C86B29 /* Build configuration list for PBXProject "Window Shopper" */ = {
			isa = XCConfigurationList;
			buildConfigurations = (
				139D9AC51F53E4BF00C86B29 /* Debug */,
				139D9AC61F53E4BF00C86B29 /* Release */,
			);
			defaultConfigurationIsVisible = 0;
			defaultConfigurationName = Release;
		};
		139D9AC71F53E4BF00C86B29 /* Build configuration list for PBXNativeTarget "Window Shopper" */ = {
			isa = XCConfigurationList;
			buildConfigurations = (
				139D9AC81F53E4BF00C86B29 /* Debug */,
				139D9AC91F53E4BF00C86B29 /* Release */,
			);
			defaultConfigurationIsVisible = 0;
			defaultConfigurationName = Release;
		};
		13AD7C571F54D5F900E19688 /* Build configuration list for PBXNativeTarget "Window ShopperTests" */ = {
			isa = XCConfigurationList;
			buildConfigurations = (
				13AD7C551F54D5F900E19688 /* Debug */,
				13AD7C561F54D5F900E19688 /* Release */,
			);
			defaultConfigurationIsVisible = 0;
			defaultConfigurationName = Release;
		};
/* End XCConfigurationList section */
	};
	rootObject = 139D9AAD1F53E4BF00C86B29 /* Project object */;
}
